schema: '2.0'
stages:
  train_model:
    cmd: python run_experiment.py
    deps:
    - path: MLOps_assignment_dataset.csv
      hash: md5
      md5: d983536f17c57d40c737b1d43cf012a7
      size: 76301858
    - path: run_experiment.py
      hash: md5
      md5: 9260ca62b46d3b57bba2bc0e0c904599
      size: 5810
    outs:
    - path: metrics.json
      hash: md5
      md5: 80b40d14182755ce6b3fcc0bb15f6cd6
      size: 74
    - path: model.joblib
      hash: md5
      md5: 795dc3378aea192e65f760d1b41744f7
      size: 588693370
